
Microsoft Visual Studio Solution File, Format Version 12.00
# Visual Studio Version 17
VisualStudioVersion = 17.9.34728.123
MinimumVisualStudioVersion = 10.0.40219.1
Project("{FAE04EC0-301F-11D3-BF4B-00C04F79EFBC}") = "MauiPlayground", "MauiPlayground\MauiPlayground.csproj", "{D0D5C0AF-ED50-4CF0-984B-11B19DD1DB71}"
EndProject
Global
	GlobalSection(SolutionConfigurationPlatforms) = preSolution
		Debug|Any CPU = Debug|Any CPU
		Release|Any CPU = Release|Any CPU
	EndGlobalSection
	GlobalSection(ProjectConfigurationPlatforms) = postSolution
		{D0D5C0AF-ED50-4CF0-984B-11B19DD1DB71}.Debug|Any CPU.ActiveCfg = Debug|Any CPU
		{D0D5C0AF-ED50-4CF0-984B-11B19DD1DB71}.Debug|Any CPU.Build.0 = Debug|Any CPU
		{D0D5C0AF-ED50-4CF0-984B-11B19DD1DB71}.Debug|Any CPU.Deploy.0 = Debug|Any CPU
		{D0D5C0AF-ED50-4CF0-984B-11B19DD1DB71}.Release|Any CPU.ActiveCfg = Release|Any CPU
		{D0D5C0AF-ED50-4CF0-984B-11B19DD1DB71}.Release|Any CPU.Build.0 = Release|Any CPU
		{D0D5C0AF-ED50-4CF0-984B-11B19DD1DB71}.Release|Any CPU.Deploy.0 = Release|Any CPU
	EndGlobalSection
	GlobalSection(SolutionProperties) = preSolution
		HideSolutionNode = FALSE
	EndGlobalSection
	GlobalSection(ExtensibilityGlobals) = postSolution
		SolutionGuid = {FEC21DF9-2D54-45DB-A1EE-1092C9A5969C}
	EndGlobalSection
EndGlobal
